{
  "requires": true,
  "lockfileVersion": 1,
  "dependencies": {
    "react-simple-star-rating": {
      "version": "3.0.0",
      "resolved": "https://registry.npmjs.org/react-simple-star-rating/-/react-simple-star-rating-3.0.0.tgz",
      "integrity": "sha512-kxl9ucQTr1TzXGT/klBe7EMqCN9uuRoSlZqKCr9HMMriEY8rB/VwABtwELYhSClhkE0LIRpWw12EAG9hq5DOSg=="
    }
  }
}
