{
  "requires": true,
  "lockfileVersion": 1,
  "dependencies": {
    "classnames": {
      "version": "2.3.1",
      "resolved": "https://registry.npmjs.org/classnames/-/classnames-2.3.1.tgz",
      "integrity": "sha512-OlQdbZ7gLfGarSqxesMesDa5uz7KFbID8Kpq/SxIoNGDqY8lSYs0D+hhtBXhcdB3rcbXArFr7vlHheLk1voeNA=="
    },
    "country-flag-icons": {
      "version": "1.4.11",
      "resolved": "https://registry.npmjs.org/country-flag-icons/-/country-flag-icons-1.4.11.tgz",
      "integrity": "sha512-OCaZ9gUjY4HvnXit8DPjBEnM2f4rk/eO7gwm6ZVbbxFTO46jnqnFh+2yT1N8juSzriMjdG0OqFFMSsiztkpl+w=="
    },
    "input-format": {
      "version": "0.3.6",
      "resolved": "https://registry.npmjs.org/input-format/-/input-format-0.3.6.tgz",
      "integrity": "sha512-SbUu43CDVV5GlC8Xi6NYBUoiU+tLpN/IMYyQl0mzSXDiU1w0ql8wpcwjDOFpaCVLySLoreLUimhI82IA5y42Pw==",
      "requires": {
        "prop-types": "^15.7.2"
      }
    },
    "js-tokens": {
      "version": "4.0.0",
      "resolved": "https://registry.npmjs.org/js-tokens/-/js-tokens-4.0.0.tgz",
      "integrity": "sha512-RdJUflcE3cUzKiMqQgsCu06FPu9UdIJO0beYbPhHN4k6apgJtifcoCtT9bcxOpYBtpD2kCM6Sbzg4CausW/PKQ=="
    },
    "libphonenumber-js": {
      "version": "1.9.38",
      "resolved": "https://registry.npmjs.org/libphonenumber-js/-/libphonenumber-js-1.9.38.tgz",
      "integrity": "sha512-7CCl9NZPYtX4JNXdvV5RnrQqrXp7LsLOTpYSUfEJBiySEnC5hysdwouXAuWgPDB55D/fpKm4RjM2/tUUh8kuoA=="
    },
    "loose-envify": {
      "version": "1.4.0",
      "resolved": "https://registry.npmjs.org/loose-envify/-/loose-envify-1.4.0.tgz",
      "integrity": "sha512-lyuxPGr/Wfhrlem2CL/UcnUc1zcqKAImBDzukY7Y5F/yQiNdko6+fRLevlw1HgMySw7f611UIY408EtxRSoK3Q==",
      "requires": {
        "js-tokens": "^3.0.0 || ^4.0.0"
      }
    },
    "object-assign": {
      "version": "4.1.1",
      "resolved": "https://registry.npmjs.org/object-assign/-/object-assign-4.1.1.tgz",
      "integrity": "sha1-IQmtx5ZYh8/AXLvUQsrIv7s2CGM="
    },
    "prop-types": {
      "version": "15.7.2",
      "resolved": "https://registry.npmjs.org/prop-types/-/prop-types-15.7.2.tgz",
      "integrity": "sha512-8QQikdH7//R2vurIJSutZ1smHYTcLpRWEOlHnzcWHmBYrOGUysKwSsrC89BCiFj3CbrfJ/nXFdJepOVrY1GCHQ==",
      "requires": {
        "loose-envify": "^1.4.0",
        "object-assign": "^4.1.1",
        "react-is": "^16.8.1"
      }
    },
    "react-is": {
      "version": "16.13.1",
      "resolved": "https://registry.npmjs.org/react-is/-/react-is-16.13.1.tgz",
      "integrity": "sha512-24e6ynE2H+OKt4kqsOvNd8kBpV65zoxbA4BVsEOB3ARVWQki/DHzaUoC5KuON/BiccDaCCTZBuOcfZs70kR8bQ=="
    },
    "react-phone-number-input": {
      "version": "3.1.35",
      "resolved": "https://registry.npmjs.org/react-phone-number-input/-/react-phone-number-input-3.1.35.tgz",
      "integrity": "sha512-0kU7MstaW5lqD2GjNXqvaabZsOJYG2rk0ztppS9vyYBkYn/GeeeLj2O7o37rp5X84YXuOk1hD0Vb7EQ0uiRVog==",
      "requires": {
        "classnames": "^2.2.5",
        "country-flag-icons": "^1.0.2",
        "input-format": "^0.3.6",
        "libphonenumber-js": "^1.9.38",
        "prop-types": "^15.7.2"
      }
    }
  }
}
