{
  "name": "project-survey",
  "lockfileVersion": 3,
  "requires": true,
  "packages": {
    "": {
      "dependencies": {
        "js-confetti": "^0.11.0"
      }
    },
    "node_modules/js-confetti": {
      "version": "0.11.0",
      "resolved": "https://registry.npmjs.org/js-confetti/-/js-confetti-0.11.0.tgz",
      "integrity": "sha512-Hc7I3VI4r4H0nq5q/oQK+JJwGoYRYVHK72fGk8E9Ay1dbh+aiZ9yl0yFp1K4oYeq7YFDQAndYChwqLPA3QWQuA=="
    }
  }
}
